
Microsoft Visual Studio Solution File, Format Version 12.00
# Visual Studio 15
VisualStudioVersion = 15.0.26730.16
MinimumVisualStudioVersion = 10.0.40219.1
Project("{FAE04EC0-301F-11D3-BF4B-00C04F79EFBC}") = "AI-Sandbox", "AI-Sandbox\AI-Sandbox.csproj", "{B4471402-0529-435F-8FAC-15CF65478297}"
EndProject
Global
	GlobalSection(SolutionConfigurationPlatforms) = preSolution
		Debug|Any CPU = Debug|Any CPU
		Release|Any CPU = Release|Any CPU
	EndGlobalSection
	GlobalSection(ProjectConfigurationPlatforms) = postSolution
		{B4471402-0529-435F-8FAC-15CF65478297}.Debug|Any CPU.ActiveCfg = Debug|Any CPU
		{B4471402-0529-435F-8FAC-15CF65478297}.Debug|Any CPU.Build.0 = Debug|Any CPU
		{B4471402-0529-435F-8FAC-15CF65478297}.Release|Any CPU.ActiveCfg = Release|Any CPU
		{B4471402-0529-435F-8FAC-15CF65478297}.Release|Any CPU.Build.0 = Release|Any CPU
	EndGlobalSection
	GlobalSection(SolutionProperties) = preSolution
		HideSolutionNode = FALSE
	EndGlobalSection
	GlobalSection(ExtensibilityGlobals) = postSolution
		SolutionGuid = {F4A0823D-95C0-424E-8FBE-92651355EAF0}
	EndGlobalSection
EndGlobal
